<?xml version="1.0" encoding="utf-8"?>
<Project ToolsVersion="4.0" xmlns="http://schemas.microsoft.com/developer/msbuild/2003">
  <ItemGroup>
    <Filter Include="Source Files">
      <UniqueIdentifier>{4FC737F1-C7A5-4376-A066-2A32D752A2FF}</UniqueIdentifier>
      <Extensions>cpp;c;cc;cxx;def;odl;idl;hpj;bat;asm;asmx</Extensions>
    </Filter>
    <Filter Include="Header Files">
      <UniqueIdentifier>{93995380-89BD-4b04-88EB-625FBE52EBFB}</UniqueIdentifier>
      <Extensions>h;hh;hpp;hxx;hm;inl;inc;xsd</Extensions>
    </Filter>
    <Filter Include="Resource Files">
      <UniqueIdentifier>{67DA6AB6-F800-4c08-8B7A-83BB121AAD01}</UniqueIdentifier>
      <Extensions>rc;ico;cur;bmp;dlg;rc2;rct;bin;rgs;gif;jpg;jpeg;jpe;resx;tiff;tif;png;wav;mfcribbon-ms</Extensions>
    </Filter>
  </ItemGroup>
  <ItemGroup>
    <ClInclude Include="external\GL\freeglut.h">
      <Filter>Header Files</Filter>
    </ClInclude>
    <ClInclude Include="external\GL\freeglut_ext.h">
      <Filter>Header Files</Filter>
    </ClInclude>
    <ClInclude Include="external\GL\freeglut_std.h">
      <Filter>Header Files</Filter>
    </ClInclude>
    <ClInclude Include="external\stb_image.h">
      <Filter>Header Files</Filter>
    </ClInclude>
    <ClInclude Include="src\colour.h">
      <Filter>Header Files</Filter>
    </ClInclude>
    <ClInclude Include="src\controls.h">
      <Filter>Header Files</Filter>
    </ClInclude>
    <ClInclude Include="src\gli.h">
      <Filter>Header Files</Filter>
    </ClInclude>
    <ClInclude Include="src\input.h">
      <Filter>Header Files</Filter>
    </ClInclude>
    <ClInclude Include="src\keys.h">
      <Filter>Header Files</Filter>
    </ClInclude>
    <ClInclude Include="src\level.h">
      <Filter>Header Files</Filter>
    </ClInclude>
    <ClInclude Include="src\main.h">
      <Filter>Header Files</Filter>
    </ClInclude>
    <ClInclude Include="src\object\allobject.h">
      <Filter>Header Files</Filter>
    </ClInclude>
    <ClInclude Include="src\object\object.h">
      <Filter>Header Files</Filter>
    </ClInclude>
    <ClInclude Include="src\object\player.h">
      <Filter>Header Files</Filter>
    </ClInclude>
    <ClInclude Include="src\scenegraph.h">
      <Filter>Header Files</Filter>
    </ClInclude>
    <ClInclude Include="src\types.h">
      <Filter>Header Files</Filter>
    </ClInclude>
    <ClInclude Include="src\util.h">
      <Filter>Header Files</Filter>
    </ClInclude>
    <ClInclude Include="src\visage\allvisage.h">
      <Filter>Header Files</Filter>
    </ClInclude>
    <ClInclude Include="src\visage\animatrix.h">
      <Filter>Header Files</Filter>
    </ClInclude>
    <ClInclude Include="src\visage\complex.h">
      <Filter>Header Files</Filter>
    </ClInclude>
    <ClInclude Include="src\visage\particle.h">
      <Filter>Header Files</Filter>
    </ClInclude>
    <ClInclude Include="src\visage\polygon.h">
      <Filter>Header Files</Filter>
    </ClInclude>
    <ClInclude Include="src\visage\texture.h">
      <Filter>Header Files</Filter>
    </ClInclude>
    <ClInclude Include="src\visage\visage.h">
      <Filter>Header Files</Filter>
    </ClInclude>
    <ClInclude Include="src\gui\allgui.h">
      <Filter>Header Files</Filter>
    </ClInclude>
    <ClInclude Include="src\gui\element.h">
      <Filter>Header Files</Filter>
    </ClInclude>
    <ClInclude Include="src\gui\image.h">
      <Filter>Header Files</Filter>
    </ClInclude>
    <ClInclude Include="src\gui\label.h">
      <Filter>Header Files</Filter>
    </ClInclude>
    <ClInclude Include="src\gui\window.h">
      <Filter>Header Files</Filter>
    </ClInclude>
    <ClInclude Include="src\imageloader.h">
      <Filter>Header Files</Filter>
    </ClInclude>
    <ClInclude Include="src\object\ai.h">
      <Filter>Header Files</Filter>
    </ClInclude>
    <ClInclude Include="src\object\trigger.h">
      <Filter>Header Files</Filter>
    </ClInclude>
    <ClInclude Include="src\object\button.h">
      <Filter>Header Files</Filter>
    </ClInclude>
    <ClInclude Include="src\object\checkpoint.h">
      <Filter>Header Files</Filter>
    </ClInclude>
    <ClInclude Include="src\object\door.h">
      <Filter>Header Files</Filter>
    </ClInclude>
    <ClInclude Include="src\object\effect.h">
      <Filter>Header Files</Filter>
    </ClInclude>
    <ClInclude Include="src\object\exit.h">
      <Filter>Header Files</Filter>
    </ClInclude>
    <ClInclude Include="src\object\platform.h">
      <Filter>Header Files</Filter>
    </ClInclude>
    <ClInclude Include="src\object\projectile.h">
      <Filter>Header Files</Filter>
    </ClInclude>
    <ClInclude Include="src\object\pusher.h">
      <Filter>Header Files</Filter>
    </ClInclude>
    <ClInclude Include="external\stb_truetype.h">
      <Filter>Header Files</Filter>
    </ClInclude>
    <ClInclude Include="src\fontmanager.h">
      <Filter>Header Files</Filter>
    </ClInclude>
    <ClInclude Include="src\visage\text.h">
      <Filter>Header Files</Filter>
    </ClInclude>
  </ItemGroup>
  <ItemGroup>
    <ClCompile Include="src\controls.cpp">
      <Filter>Source Files</Filter>
    </ClCompile>
    <ClCompile Include="src\input.cpp">
      <Filter>Source Files</Filter>
    </ClCompile>
    <ClCompile Include="src\level.cpp">
      <Filter>Source Files</Filter>
    </ClCompile>
    <ClCompile Include="src\level_prefabs.cpp">
      <Filter>Source Files</Filter>
    </ClCompile>
    <ClCompile Include="src\main.cpp">
      <Filter>Source Files</Filter>
    </ClCompile>
    <ClCompile Include="src\object\object.cpp">
      <Filter>Source Files</Filter>
    </ClCompile>
    <ClCompile Include="src\object\player.cpp">
      <Filter>Source Files</Filter>
    </ClCompile>
    <ClCompile Include="src\scenegraph.cpp">
      <Filter>Source Files</Filter>
    </ClCompile>
    <ClCompile Include="src\util.cpp">
      <Filter>Source Files</Filter>
    </ClCompile>
    <ClCompile Include="src\visage\animatrix.cpp">
      <Filter>Source Files</Filter>
    </ClCompile>
    <ClCompile Include="src\visage\particle.cpp">
      <Filter>Source Files</Filter>
    </ClCompile>
    <ClCompile Include="src\visage\polygon.cpp">
      <Filter>Source Files</Filter>
    </ClCompile>
    <ClCompile Include="src\visage\texture.cpp">
      <Filter>Source Files</Filter>
    </ClCompile>
    <ClCompile Include="src\gui\element.cpp">
      <Filter>Source Files</Filter>
    </ClCompile>
    <ClCompile Include="src\gui\image.cpp">
      <Filter>Source Files</Filter>
    </ClCompile>
    <ClCompile Include="src\gui\label.cpp">
      <Filter>Source Files</Filter>
    </ClCompile>
    <ClCompile Include="src\gui\window.cpp">
      <Filter>Source Files</Filter>
    </ClCompile>
    <ClCompile Include="src\imageloader.cpp">
      <Filter>Source Files</Filter>
    </ClCompile>
    <ClCompile Include="src\object\ai.cpp">
      <Filter>Source Files</Filter>
    </ClCompile>
    <ClCompile Include="src\object\trigger.cpp">
      <Filter>Source Files</Filter>
    </ClCompile>
    <ClCompile Include="src\object\button.cpp">
      <Filter>Source Files</Filter>
    </ClCompile>
    <ClCompile Include="src\object\checkpoint.cpp">
      <Filter>Source Files</Filter>
    </ClCompile>
    <ClCompile Include="src\object\door.cpp">
      <Filter>Source Files</Filter>
    </ClCompile>
    <ClCompile Include="src\object\effect.cpp">
      <Filter>Source Files</Filter>
    </ClCompile>
    <ClCompile Include="src\object\exit.cpp">
      <Filter>Source Files</Filter>
    </ClCompile>
    <ClCompile Include="src\object\platform.cpp">
      <Filter>Source Files</Filter>
    </ClCompile>
    <ClCompile Include="src\object\projectile.cpp">
      <Filter>Source Files</Filter>
    </ClCompile>
    <ClCompile Include="src\object\pusher.cpp">
      <Filter>Source Files</Filter>
    </ClCompile>
    <ClCompile Include="src\fontmanager.cpp">
      <Filter>Source Files</Filter>
    </ClCompile>
    <ClCompile Include="src\visage\text.cpp">
      <Filter>Source Files</Filter>
    </ClCompile>
  </ItemGroup>
</Project>